// !$*UTF8*$!
{
	archiveVersion = 1;
	classes = {
	};
	objectVersion = 56;
	objects = {

/* Begin PBXBuildFile section */
		A1BC9B332AE327ED0040CB80 /* TrashFixApp.swift in Sources */ = {isa = PBXBuildFile; fileRef = A1BC9B322AE327ED0040CB80 /* TrashFixApp.swift */; };
		A1BC9B352AE327ED0040CB80 /* MainView.swift in Sources */ = {isa = PBXBuildFile; fileRef = A1BC9B342AE327ED0040CB80 /* MainView.swift */; };
		A1BC9B372AE327EF0040CB80 /* Assets.xcassets in Resources */ = {isa = PBXBuildFile; fileRef = A1BC9B362AE327EF0040CB80 /* Assets.xcassets */; };
		A1BC9B3A2AE327EF0040CB80 /* Preview Assets.xcassets in Resources */ = {isa = PBXBuildFile; fileRef = A1BC9B392AE327EF0040CB80 /* Preview Assets.xcassets */; };
		A1BC9B442AE327EF0040CB80 /* TrashFixTests.swift in Sources */ = {isa = PBXBuildFile; fileRef = A1BC9B432AE327EF0040CB80 /* TrashFixTests.swift */; };
		A1BC9B4E2AE327EF0040CB80 /* TrashFixUITests.swift in Sources */ = {isa = PBXBuildFile; fileRef = A1BC9B4D2AE327EF0040CB80 /* TrashFixUITests.swift */; };
		A1BC9B502AE327EF0040CB80 /* TrashFixUITestsLaunchTests.swift in Sources */ = {isa = PBXBuildFile; fileRef = A1BC9B4F2AE327EF0040CB80 /* TrashFixUITestsLaunchTests.swift */; };
		A1BC9B5E2AE330020040CB80 /* FirebaseAuth in Frameworks */ = {isa = PBXBuildFile; productRef = A1BC9B5D2AE330020040CB80 /* FirebaseAuth */; };
		A1BC9B602AE330020040CB80 /* FirebaseFirestore in Frameworks */ = {isa = PBXBuildFile; productRef = A1BC9B5F2AE330020040CB80 /* FirebaseFirestore */; };
		A1BC9B622AE330020040CB80 /* FirebaseFirestoreSwift in Frameworks */ = {isa = PBXBuildFile; productRef = A1BC9B612AE330020040CB80 /* FirebaseFirestoreSwift */; };
		A1BC9B662AE333290040CB80 /* GoogleService-Info.plist in Resources */ = {isa = PBXBuildFile; fileRef = A1BC9B652AE333290040CB80 /* GoogleService-Info.plist */; };
		A1BC9B702AE3380D0040CB80 /* NewItemView.swift in Sources */ = {isa = PBXBuildFile; fileRef = A1BC9B6F2AE3380D0040CB80 /* NewItemView.swift */; };
		A1BC9B722AE3383F0040CB80 /* ProfileView.swift in Sources */ = {isa = PBXBuildFile; fileRef = A1BC9B712AE3383F0040CB80 /* ProfileView.swift */; };
		A1BC9B742AE338560040CB80 /* TrashFixView.swift in Sources */ = {isa = PBXBuildFile; fileRef = A1BC9B732AE338560040CB80 /* TrashFixView.swift */; };
		A1BC9B762AE338790040CB80 /* LoginView.swift in Sources */ = {isa = PBXBuildFile; fileRef = A1BC9B752AE338790040CB80 /* LoginView.swift */; };
		A1BC9B782AE3388F0040CB80 /* RegisterView.swift in Sources */ = {isa = PBXBuildFile; fileRef = A1BC9B772AE3388F0040CB80 /* RegisterView.swift */; };
		A1BC9B7A2AE338E00040CB80 /* TrashFixItemView.swift in Sources */ = {isa = PBXBuildFile; fileRef = A1BC9B792AE338E00040CB80 /* TrashFixItemView.swift */; };
		A1BC9B7C2AE339410040CB80 /* User.swift in Sources */ = {isa = PBXBuildFile; fileRef = A1BC9B7B2AE339410040CB80 /* User.swift */; };
		A1BC9B7E2AE3394D0040CB80 /* TrashFixItem.swift in Sources */ = {isa = PBXBuildFile; fileRef = A1BC9B7D2AE3394D0040CB80 /* TrashFixItem.swift */; };
		A1BC9B802AE339760040CB80 /* ProfileViewViewModel.swift in Sources */ = {isa = PBXBuildFile; fileRef = A1BC9B7F2AE339760040CB80 /* ProfileViewViewModel.swift */; };
		A1BC9B822AE3399B0040CB80 /* MainViewViewModel.swift in Sources */ = {isa = PBXBuildFile; fileRef = A1BC9B812AE3399B0040CB80 /* MainViewViewModel.swift */; };
		A1BC9B842AE339D60040CB80 /* NewItemViewViewModel.swift in Sources */ = {isa = PBXBuildFile; fileRef = A1BC9B832AE339D60040CB80 /* NewItemViewViewModel.swift */; };
		A1BC9B862AE339EF0040CB80 /* TrashFixViewViewModel.swift in Sources */ = {isa = PBXBuildFile; fileRef = A1BC9B852AE339EF0040CB80 /* TrashFixViewViewModel.swift */; };
		A1BC9B882AE33A050040CB80 /* LoginViewViewModel.swift in Sources */ = {isa = PBXBuildFile; fileRef = A1BC9B872AE33A050040CB80 /* LoginViewViewModel.swift */; };
		A1BC9B8A2AE33A2B0040CB80 /* RegisterViewViewModel.swift in Sources */ = {isa = PBXBuildFile; fileRef = A1BC9B892AE33A2B0040CB80 /* RegisterViewViewModel.swift */; };
		A1BC9B8C2AE33A3C0040CB80 /* TrashFixItemViewViewModel.swift in Sources */ = {isa = PBXBuildFile; fileRef = A1BC9B8B2AE33A3C0040CB80 /* TrashFixItemViewViewModel.swift */; };
		A1BC9B8E2AE33F830040CB80 /* HeaderView.swift in Sources */ = {isa = PBXBuildFile; fileRef = A1BC9B8D2AE33F830040CB80 /* HeaderView.swift */; };
		A1BC9B902AE34F210040CB80 /* TFButton.swift in Sources */ = {isa = PBXBuildFile; fileRef = A1BC9B8F2AE34F210040CB80 /* TFButton.swift */; };
		A1BC9B922AE35A190040CB80 /* Extensions.swift in Sources */ = {isa = PBXBuildFile; fileRef = A1BC9B912AE35A190040CB80 /* Extensions.swift */; };
/* End PBXBuildFile section */

/* Begin PBXContainerItemProxy section */
		A1BC9B402AE327EF0040CB80 /* PBXContainerItemProxy */ = {
			isa = PBXContainerItemProxy;
			containerPortal = A1BC9B272AE327ED0040CB80 /* Project object */;
			proxyType = 1;
			remoteGlobalIDString = A1BC9B2E2AE327ED0040CB80;
			remoteInfo = TrashFix;
		};
		A1BC9B4A2AE327EF0040CB80 /* PBXContainerItemProxy */ = {
			isa = PBXContainerItemProxy;
			containerPortal = A1BC9B272AE327ED0040CB80 /* Project object */;
			proxyType = 1;
			remoteGlobalIDString = A1BC9B2E2AE327ED0040CB80;
			remoteInfo = TrashFix;
		};
/* End PBXContainerItemProxy section */

/* Begin PBXFileReference section */
		A1BC9B2F2AE327ED0040CB80 /* TrashFix.app */ = {isa = PBXFileReference; explicitFileType = wrapper.application; includeInIndex = 0; path = TrashFix.app; sourceTree = BUILT_PRODUCTS_DIR; };
		A1BC9B322AE327ED0040CB80 /* TrashFixApp.swift */ = {isa = PBXFileReference; lastKnownFileType = sourcecode.swift; path = TrashFixApp.swift; sourceTree = "<group>"; };
		A1BC9B342AE327ED0040CB80 /* MainView.swift */ = {isa = PBXFileReference; lastKnownFileType = sourcecode.swift; path = MainView.swift; sourceTree = "<group>"; };
		A1BC9B362AE327EF0040CB80 /* Assets.xcassets */ = {isa = PBXFileReference; lastKnownFileType = folder.assetcatalog; path = Assets.xcassets; sourceTree = "<group>"; };
		A1BC9B392AE327EF0040CB80 /* Preview Assets.xcassets */ = {isa = PBXFileReference; lastKnownFileType = folder.assetcatalog; path = "Preview Assets.xcassets"; sourceTree = "<group>"; };
		A1BC9B3F2AE327EF0040CB80 /* TrashFixTests.xctest */ = {isa = PBXFileReference; explicitFileType = wrapper.cfbundle; includeInIndex = 0; path = TrashFixTests.xctest; sourceTree = BUILT_PRODUCTS_DIR; };
		A1BC9B432AE327EF0040CB80 /* TrashFixTests.swift */ = {isa = PBXFileReference; lastKnownFileType = sourcecode.swift; path = TrashFixTests.swift; sourceTree = "<group>"; };
		A1BC9B492AE327EF0040CB80 /* TrashFixUITests.xctest */ = {isa = PBXFileReference; explicitFileType = wrapper.cfbundle; includeInIndex = 0; path = TrashFixUITests.xctest; sourceTree = BUILT_PRODUCTS_DIR; };
		A1BC9B4D2AE327EF0040CB80 /* TrashFixUITests.swift */ = {isa = PBXFileReference; lastKnownFileType = sourcecode.swift; path = TrashFixUITests.swift; sourceTree = "<group>"; };
		A1BC9B4F2AE327EF0040CB80 /* TrashFixUITestsLaunchTests.swift */ = {isa = PBXFileReference; lastKnownFileType = sourcecode.swift; path = TrashFixUITestsLaunchTests.swift; sourceTree = "<group>"; };
		A1BC9B652AE333290040CB80 /* GoogleService-Info.plist */ = {isa = PBXFileReference; fileEncoding = 4; lastKnownFileType = text.plist.xml; path = "GoogleService-Info.plist"; sourceTree = "<group>"; };
		A1BC9B6F2AE3380D0040CB80 /* NewItemView.swift */ = {isa = PBXFileReference; lastKnownFileType = sourcecode.swift; path = NewItemView.swift; sourceTree = "<group>"; };
		A1BC9B712AE3383F0040CB80 /* ProfileView.swift */ = {isa = PBXFileReference; lastKnownFileType = sourcecode.swift; path = ProfileView.swift; sourceTree = "<group>"; };
		A1BC9B732AE338560040CB80 /* TrashFixView.swift */ = {isa = PBXFileReference; lastKnownFileType = sourcecode.swift; path = TrashFixView.swift; sourceTree = "<group>"; };
		A1BC9B752AE338790040CB80 /* LoginView.swift */ = {isa = PBXFileReference; lastKnownFileType = sourcecode.swift; path = LoginView.swift; sourceTree = "<group>"; };
		A1BC9B772AE3388F0040CB80 /* RegisterView.swift */ = {isa = PBXFileReference; lastKnownFileType = sourcecode.swift; path = RegisterView.swift; sourceTree = "<group>"; };
		A1BC9B792AE338E00040CB80 /* TrashFixItemView.swift */ = {isa = PBXFileReference; lastKnownFileType = sourcecode.swift; path = TrashFixItemView.swift; sourceTree = "<group>"; };
		A1BC9B7B2AE339410040CB80 /* User.swift */ = {isa = PBXFileReference; lastKnownFileType = sourcecode.swift; path = User.swift; sourceTree = "<group>"; };
		A1BC9B7D2AE3394D0040CB80 /* TrashFixItem.swift */ = {isa = PBXFileReference; lastKnownFileType = sourcecode.swift; path = TrashFixItem.swift; sourceTree = "<group>"; };
		A1BC9B7F2AE339760040CB80 /* ProfileViewViewModel.swift */ = {isa = PBXFileReference; lastKnownFileType = sourcecode.swift; path = ProfileViewViewModel.swift; sourceTree = "<group>"; };
		A1BC9B812AE3399B0040CB80 /* MainViewViewModel.swift */ = {isa = PBXFileReference; lastKnownFileType = sourcecode.swift; path = MainViewViewModel.swift; sourceTree = "<group>"; };
		A1BC9B832AE339D60040CB80 /* NewItemViewViewModel.swift */ = {isa = PBXFileReference; lastKnownFileType = sourcecode.swift; path = NewItemViewViewModel.swift; sourceTree = "<group>"; };
		A1BC9B852AE339EF0040CB80 /* TrashFixViewViewModel.swift */ = {isa = PBXFileReference; lastKnownFileType = sourcecode.swift; path = TrashFixViewViewModel.swift; sourceTree = "<group>"; };
		A1BC9B872AE33A050040CB80 /* LoginViewViewModel.swift */ = {isa = PBXFileReference; lastKnownFileType = sourcecode.swift; path = LoginViewViewModel.swift; sourceTree = "<group>"; };
		A1BC9B892AE33A2B0040CB80 /* RegisterViewViewModel.swift */ = {isa = PBXFileReference; lastKnownFileType = sourcecode.swift; path = RegisterViewViewModel.swift; sourceTree = "<group>"; };
		A1BC9B8B2AE33A3C0040CB80 /* TrashFixItemViewViewModel.swift */ = {isa = PBXFileReference; lastKnownFileType = sourcecode.swift; path = TrashFixItemViewViewModel.swift; sourceTree = "<group>"; };
		A1BC9B8D2AE33F830040CB80 /* HeaderView.swift */ = {isa = PBXFileReference; lastKnownFileType = sourcecode.swift; path = HeaderView.swift; sourceTree = "<group>"; };
		A1BC9B8F2AE34F210040CB80 /* TFButton.swift */ = {isa = PBXFileReference; lastKnownFileType = sourcecode.swift; path = TFButton.swift; sourceTree = "<group>"; };
		A1BC9B912AE35A190040CB80 /* Extensions.swift */ = {isa = PBXFileReference; lastKnownFileType = sourcecode.swift; path = Extensions.swift; sourceTree = "<group>"; };
/* End PBXFileReference section */

/* Begin PBXFrameworksBuildPhase section */
		A1BC9B2C2AE327ED0040CB80 /* Frameworks */ = {
			isa = PBXFrameworksBuildPhase;
			buildActionMask = 2147483647;
			files = (
				A1BC9B5E2AE330020040CB80 /* FirebaseAuth in Frameworks */,
				A1BC9B602AE330020040CB80 /* FirebaseFirestore in Frameworks */,
				A1BC9B622AE330020040CB80 /* FirebaseFirestoreSwift in Frameworks */,
			);
			runOnlyForDeploymentPostprocessing = 0;
		};
		A1BC9B3C2AE327EF0040CB80 /* Frameworks */ = {
			isa = PBXFrameworksBuildPhase;
			buildActionMask = 2147483647;
			files = (
			);
			runOnlyForDeploymentPostprocessing = 0;
		};
		A1BC9B462AE327EF0040CB80 /* Frameworks */ = {
			isa = PBXFrameworksBuildPhase;
			buildActionMask = 2147483647;
			files = (
			);
			runOnlyForDeploymentPostprocessing = 0;
		};
/* End PBXFrameworksBuildPhase section */

/* Begin PBXGroup section */
		A1BC9B262AE327ED0040CB80 = {
			isa = PBXGroup;
			children = (
				A1BC9B312AE327ED0040CB80 /* TrashFix */,
				A1BC9B422AE327EF0040CB80 /* TrashFixTests */,
				A1BC9B4C2AE327EF0040CB80 /* TrashFixUITests */,
				A1BC9B302AE327ED0040CB80 /* Products */,
			);
			sourceTree = "<group>";
		};
		A1BC9B302AE327ED0040CB80 /* Products */ = {
			isa = PBXGroup;
			children = (
				A1BC9B2F2AE327ED0040CB80 /* TrashFix.app */,
				A1BC9B3F2AE327EF0040CB80 /* TrashFixTests.xctest */,
				A1BC9B492AE327EF0040CB80 /* TrashFixUITests.xctest */,
			);
			name = Products;
			sourceTree = "<group>";
		};
		A1BC9B312AE327ED0040CB80 /* TrashFix */ = {
			isa = PBXGroup;
			children = (
				A1BC9B6A2AE335F70040CB80 /* Other */,
				A1BC9B692AE335E70040CB80 /* Models */,
				A1BC9B682AE335D20040CB80 /* ViewModels */,
				A1BC9B672AE335C40040CB80 /* Views */,
				A1BC9B382AE327EF0040CB80 /* Preview Content */,
			);
			path = TrashFix;
			sourceTree = "<group>";
		};
		A1BC9B382AE327EF0040CB80 /* Preview Content */ = {
			isa = PBXGroup;
			children = (
				A1BC9B392AE327EF0040CB80 /* Preview Assets.xcassets */,
			);
			path = "Preview Content";
			sourceTree = "<group>";
		};
		A1BC9B422AE327EF0040CB80 /* TrashFixTests */ = {
			isa = PBXGroup;
			children = (
				A1BC9B432AE327EF0040CB80 /* TrashFixTests.swift */,
			);
			path = TrashFixTests;
			sourceTree = "<group>";
		};
		A1BC9B4C2AE327EF0040CB80 /* TrashFixUITests */ = {
			isa = PBXGroup;
			children = (
				A1BC9B4D2AE327EF0040CB80 /* TrashFixUITests.swift */,
				A1BC9B4F2AE327EF0040CB80 /* TrashFixUITestsLaunchTests.swift */,
			);
			path = TrashFixUITests;
			sourceTree = "<group>";
		};
		A1BC9B672AE335C40040CB80 /* Views */ = {
			isa = PBXGroup;
			children = (
				A1BC9B342AE327ED0040CB80 /* MainView.swift */,
				A1BC9B712AE3383F0040CB80 /* ProfileView.swift */,
				A1BC9B732AE338560040CB80 /* TrashFixView.swift */,
				A1BC9B792AE338E00040CB80 /* TrashFixItemView.swift */,
				A1BC9B6F2AE3380D0040CB80 /* NewItemView.swift */,
				A1BC9B752AE338790040CB80 /* LoginView.swift */,
				A1BC9B772AE3388F0040CB80 /* RegisterView.swift */,
				A1BC9B8D2AE33F830040CB80 /* HeaderView.swift */,
				A1BC9B8F2AE34F210040CB80 /* TFButton.swift */,
			);
			path = Views;
			sourceTree = "<group>";
		};
		A1BC9B682AE335D20040CB80 /* ViewModels */ = {
			isa = PBXGroup;
			children = (
				A1BC9B812AE3399B0040CB80 /* MainViewViewModel.swift */,
				A1BC9B7F2AE339760040CB80 /* ProfileViewViewModel.swift */,
				A1BC9B832AE339D60040CB80 /* NewItemViewViewModel.swift */,
				A1BC9B872AE33A050040CB80 /* LoginViewViewModel.swift */,
				A1BC9B892AE33A2B0040CB80 /* RegisterViewViewModel.swift */,
				A1BC9B852AE339EF0040CB80 /* TrashFixViewViewModel.swift */,
				A1BC9B8B2AE33A3C0040CB80 /* TrashFixItemViewViewModel.swift */,
			);
			path = ViewModels;
			sourceTree = "<group>";
		};
		A1BC9B692AE335E70040CB80 /* Models */ = {
			isa = PBXGroup;
			children = (
				A1BC9B7B2AE339410040CB80 /* User.swift */,
				A1BC9B7D2AE3394D0040CB80 /* TrashFixItem.swift */,
			);
			path = Models;
			sourceTree = "<group>";
		};
		A1BC9B6A2AE335F70040CB80 /* Other */ = {
			isa = PBXGroup;
			children = (
				A1BC9B362AE327EF0040CB80 /* Assets.xcassets */,
				A1BC9B322AE327ED0040CB80 /* TrashFixApp.swift */,
				A1BC9B652AE333290040CB80 /* GoogleService-Info.plist */,
				A1BC9B912AE35A190040CB80 /* Extensions.swift */,
			);
			path = Other;
			sourceTree = "<group>";
		};
/* End PBXGroup section */

/* Begin PBXNativeTarget section */
		A1BC9B2E2AE327ED0040CB80 /* TrashFix */ = {
			isa = PBXNativeTarget;
			buildConfigurationList = A1BC9B532AE327EF0040CB80 /* Build configuration list for PBXNativeTarget "TrashFix" */;
			buildPhases = (
				A1BC9B2B2AE327ED0040CB80 /* Sources */,
				A1BC9B2C2AE327ED0040CB80 /* Frameworks */,
				A1BC9B2D2AE327ED0040CB80 /* Resources */,
			);
			buildRules = (
			);
			dependencies = (
			);
			name = TrashFix;
			packageProductDependencies = (
				A1BC9B5D2AE330020040CB80 /* FirebaseAuth */,
				A1BC9B5F2AE330020040CB80 /* FirebaseFirestore */,
				A1BC9B612AE330020040CB80 /* FirebaseFirestoreSwift */,
			);
			productName = TrashFix;
			productReference = A1BC9B2F2AE327ED0040CB80 /* TrashFix.app */;
			productType = "com.apple.product-type.application";
		};
		A1BC9B3E2AE327EF0040CB80 /* TrashFixTests */ = {
			isa = PBXNativeTarget;
			buildConfigurationList = A1BC9B562AE327EF0040CB80 /* Build configuration list for PBXNativeTarget "TrashFixTests" */;
			buildPhases = (
				A1BC9B3B2AE327EF0040CB80 /* Sources */,
				A1BC9B3C2AE327EF0040CB80 /* Frameworks */,
				A1BC9B3D2AE327EF0040CB80 /* Resources */,
			);
			buildRules = (
			);
			dependencies = (
				A1BC9B412AE327EF0040CB80 /* PBXTargetDependency */,
			);
			name = TrashFixTests;
			productName = TrashFixTests;
			productReference = A1BC9B3F2AE327EF0040CB80 /* TrashFixTests.xctest */;
			productType = "com.apple.product-type.bundle.unit-test";
		};
		A1BC9B482AE327EF0040CB80 /* TrashFixUITests */ = {
			isa = PBXNativeTarget;
			buildConfigurationList = A1BC9B592AE327EF0040CB80 /* Build configuration list for PBXNativeTarget "TrashFixUITests" */;
			buildPhases = (
				A1BC9B452AE327EF0040CB80 /* Sources */,
				A1BC9B462AE327EF0040CB80 /* Frameworks */,
				A1BC9B472AE327EF0040CB80 /* Resources */,
			);
			buildRules = (
			);
			dependencies = (
				A1BC9B4B2AE327EF0040CB80 /* PBXTargetDependency */,
			);
			name = TrashFixUITests;
			productName = TrashFixUITests;
			productReference = A1BC9B492AE327EF0040CB80 /* TrashFixUITests.xctest */;
			productType = "com.apple.product-type.bundle.ui-testing";
		};
/* End PBXNativeTarget section */

/* Begin PBXProject section */
		A1BC9B272AE327ED0040CB80 /* Project object */ = {
			isa = PBXProject;
			attributes = {
				BuildIndependentTargetsInParallel = 1;
				LastSwiftUpdateCheck = 1430;
				LastUpgradeCheck = 1430;
				TargetAttributes = {
					A1BC9B2E2AE327ED0040CB80 = {
						CreatedOnToolsVersion = 14.3.1;
					};
					A1BC9B3E2AE327EF0040CB80 = {
						CreatedOnToolsVersion = 14.3.1;
						TestTargetID = A1BC9B2E2AE327ED0040CB80;
					};
					A1BC9B482AE327EF0040CB80 = {
						CreatedOnToolsVersion = 14.3.1;
						TestTargetID = A1BC9B2E2AE327ED0040CB80;
					};
				};
			};
			buildConfigurationList = A1BC9B2A2AE327ED0040CB80 /* Build configuration list for PBXProject "TrashFix" */;
			compatibilityVersion = "Xcode 14.0";
			developmentRegion = en;
			hasScannedForEncodings = 0;
			knownRegions = (
				en,
				Base,
			);
			mainGroup = A1BC9B262AE327ED0040CB80;
			packageReferences = (
				A1BC9B5C2AE330020040CB80 /* XCRemoteSwiftPackageReference "firebase-ios-sdk" */,
			);
			productRefGroup = A1BC9B302AE327ED0040CB80 /* Products */;
			projectDirPath = "";
			projectRoot = "";
			targets = (
				A1BC9B2E2AE327ED0040CB80 /* TrashFix */,
				A1BC9B3E2AE327EF0040CB80 /* TrashFixTests */,
				A1BC9B482AE327EF0040CB80 /* TrashFixUITests */,
			);
		};
/* End PBXProject section */

/* Begin PBXResourcesBuildPhase section */
		A1BC9B2D2AE327ED0040CB80 /* Resources */ = {
			isa = PBXResourcesBuildPhase;
			buildActionMask = 2147483647;
			files = (
				A1BC9B662AE333290040CB80 /* GoogleService-Info.plist in Resources */,
				A1BC9B3A2AE327EF0040CB80 /* Preview Assets.xcassets in Resources */,
				A1BC9B372AE327EF0040CB80 /* Assets.xcassets in Resources */,
			);
			runOnlyForDeploymentPostprocessing = 0;
		};
		A1BC9B3D2AE327EF0040CB80 /* Resources */ = {
			isa = PBXResourcesBuildPhase;
			buildActionMask = 2147483647;
			files = (
			);
			runOnlyForDeploymentPostprocessing = 0;
		};
		A1BC9B472AE327EF0040CB80 /* Resources */ = {
			isa = PBXResourcesBuildPhase;
			buildActionMask = 2147483647;
			files = (
			);
			runOnlyForDeploymentPostprocessing = 0;
		};
/* End PBXResourcesBuildPhase section */

/* Begin PBXSourcesBuildPhase section */
		A1BC9B2B2AE327ED0040CB80 /* Sources */ = {
			isa = PBXSourcesBuildPhase;
			buildActionMask = 2147483647;
			files = (
				A1BC9B762AE338790040CB80 /* LoginView.swift in Sources */,
				A1BC9B8E2AE33F830040CB80 /* HeaderView.swift in Sources */,
				A1BC9B722AE3383F0040CB80 /* ProfileView.swift in Sources */,
				A1BC9B8A2AE33A2B0040CB80 /* RegisterViewViewModel.swift in Sources */,
				A1BC9B822AE3399B0040CB80 /* MainViewViewModel.swift in Sources */,
				A1BC9B842AE339D60040CB80 /* NewItemViewViewModel.swift in Sources */,
				A1BC9B352AE327ED0040CB80 /* MainView.swift in Sources */,
				A1BC9B782AE3388F0040CB80 /* RegisterView.swift in Sources */,
				A1BC9B862AE339EF0040CB80 /* TrashFixViewViewModel.swift in Sources */,
				A1BC9B7A2AE338E00040CB80 /* TrashFixItemView.swift in Sources */,
				A1BC9B7E2AE3394D0040CB80 /* TrashFixItem.swift in Sources */,
				A1BC9B7C2AE339410040CB80 /* User.swift in Sources */,
				A1BC9B882AE33A050040CB80 /* LoginViewViewModel.swift in Sources */,
				A1BC9B8C2AE33A3C0040CB80 /* TrashFixItemViewViewModel.swift in Sources */,
				A1BC9B332AE327ED0040CB80 /* TrashFixApp.swift in Sources */,
				A1BC9B922AE35A190040CB80 /* Extensions.swift in Sources */,
				A1BC9B902AE34F210040CB80 /* TFButton.swift in Sources */,
				A1BC9B742AE338560040CB80 /* TrashFixView.swift in Sources */,
				A1BC9B702AE3380D0040CB80 /* NewItemView.swift in Sources */,
				A1BC9B802AE339760040CB80 /* ProfileViewViewModel.swift in Sources */,
			);
			runOnlyForDeploymentPostprocessing = 0;
		};
		A1BC9B3B2AE327EF0040CB80 /* Sources */ = {
			isa = PBXSourcesBuildPhase;
			buildActionMask = 2147483647;
			files = (
				A1BC9B442AE327EF0040CB80 /* TrashFixTests.swift in Sources */,
			);
			runOnlyForDeploymentPostprocessing = 0;
		};
		A1BC9B452AE327EF0040CB80 /* Sources */ = {
			isa = PBXSourcesBuildPhase;
			buildActionMask = 2147483647;
			files = (
				A1BC9B502AE327EF0040CB80 /* TrashFixUITestsLaunchTests.swift in Sources */,
				A1BC9B4E2AE327EF0040CB80 /* TrashFixUITests.swift in Sources */,
			);
			runOnlyForDeploymentPostprocessing = 0;
		};
/* End PBXSourcesBuildPhase section */

/* Begin PBXTargetDependency section */
		A1BC9B412AE327EF0040CB80 /* PBXTargetDependency */ = {
			isa = PBXTargetDependency;
			target = A1BC9B2E2AE327ED0040CB80 /* TrashFix */;
			targetProxy = A1BC9B402AE327EF0040CB80 /* PBXContainerItemProxy */;
		};
		A1BC9B4B2AE327EF0040CB80 /* PBXTargetDependency */ = {
			isa = PBXTargetDependency;
			target = A1BC9B2E2AE327ED0040CB80 /* TrashFix */;
			targetProxy = A1BC9B4A2AE327EF0040CB80 /* PBXContainerItemProxy */;
		};
/* End PBXTargetDependency section */

/* Begin XCBuildConfiguration section */
		A1BC9B512AE327EF0040CB80 /* Debug */ = {
			isa = XCBuildConfiguration;
			buildSettings = {
				ALWAYS_SEARCH_USER_PATHS = NO;
				CLANG_ANALYZER_NONNULL = YES;
				CLANG_ANALYZER_NUMBER_OBJECT_CONVERSION = YES_AGGRESSIVE;
				CLANG_CXX_LANGUAGE_STANDARD = "gnu++20";
				CLANG_ENABLE_MODULES = YES;
				CLANG_ENABLE_OBJC_ARC = YES;
				CLANG_ENABLE_OBJC_WEAK = YES;
				CLANG_WARN_BLOCK_CAPTURE_AUTORELEASING = YES;
				CLANG_WARN_BOOL_CONVERSION = YES;
				CLANG_WARN_COMMA = YES;
				CLANG_WARN_CONSTANT_CONVERSION = YES;
				CLANG_WARN_DEPRECATED_OBJC_IMPLEMENTATIONS = YES;
				CLANG_WARN_DIRECT_OBJC_ISA_USAGE = YES_ERROR;
				CLANG_WARN_DOCUMENTATION_COMMENTS = YES;
				CLANG_WARN_EMPTY_BODY = YES;
				CLANG_WARN_ENUM_CONVERSION = YES;
				CLANG_WARN_INFINITE_RECURSION = YES;
				CLANG_WARN_INT_CONVERSION = YES;
				CLANG_WARN_NON_LITERAL_NULL_CONVERSION = YES;
				CLANG_WARN_OBJC_IMPLICIT_RETAIN_SELF = YES;
				CLANG_WARN_OBJC_LITERAL_CONVERSION = YES;
				CLANG_WARN_OBJC_ROOT_CLASS = YES_ERROR;
				CLANG_WARN_QUOTED_INCLUDE_IN_FRAMEWORK_HEADER = YES;
				CLANG_WARN_RANGE_LOOP_ANALYSIS = YES;
				CLANG_WARN_STRICT_PROTOTYPES = YES;
				CLANG_WARN_SUSPICIOUS_MOVE = YES;
				CLANG_WARN_UNGUARDED_AVAILABILITY = YES_AGGRESSIVE;
				CLANG_WARN_UNREACHABLE_CODE = YES;
				CLANG_WARN__DUPLICATE_METHOD_MATCH = YES;
				COPY_PHASE_STRIP = NO;
				DEBUG_INFORMATION_FORMAT = dwarf;
				ENABLE_STRICT_OBJC_MSGSEND = YES;
				ENABLE_TESTABILITY = YES;
				GCC_C_LANGUAGE_STANDARD = gnu11;
				GCC_DYNAMIC_NO_PIC = NO;
				GCC_NO_COMMON_BLOCKS = YES;
				GCC_OPTIMIZATION_LEVEL = 0;
				GCC_PREPROCESSOR_DEFINITIONS = (
					"DEBUG=1",
					"$(inherited)",
				);
				GCC_WARN_64_TO_32_BIT_CONVERSION = YES;
				GCC_WARN_ABOUT_RETURN_TYPE = YES_ERROR;
				GCC_WARN_UNDECLARED_SELECTOR = YES;
				GCC_WARN_UNINITIALIZED_AUTOS = YES_AGGRESSIVE;
				GCC_WARN_UNUSED_FUNCTION = YES;
				GCC_WARN_UNUSED_VARIABLE = YES;
				IPHONEOS_DEPLOYMENT_TARGET = 16.4;
				MTL_ENABLE_DEBUG_INFO = INCLUDE_SOURCE;
				MTL_FAST_MATH = YES;
				ONLY_ACTIVE_ARCH = YES;
				SDKROOT = iphoneos;
				SWIFT_ACTIVE_COMPILATION_CONDITIONS = DEBUG;
				SWIFT_OPTIMIZATION_LEVEL = "-Onone";
			};
			name = Debug;
		};
		A1BC9B522AE327EF0040CB80 /* Release */ = {
			isa = XCBuildConfiguration;
			buildSettings = {
				ALWAYS_SEARCH_USER_PATHS = NO;
				CLANG_ANALYZER_NONNULL = YES;
				CLANG_ANALYZER_NUMBER_OBJECT_CONVERSION = YES_AGGRESSIVE;
				CLANG_CXX_LANGUAGE_STANDARD = "gnu++20";
				CLANG_ENABLE_MODULES = YES;
				CLANG_ENABLE_OBJC_ARC = YES;
				CLANG_ENABLE_OBJC_WEAK = YES;
				CLANG_WARN_BLOCK_CAPTURE_AUTORELEASING = YES;
				CLANG_WARN_BOOL_CONVERSION = YES;
				CLANG_WARN_COMMA = YES;
				CLANG_WARN_CONSTANT_CONVERSION = YES;
				CLANG_WARN_DEPRECATED_OBJC_IMPLEMENTATIONS = YES;
				CLANG_WARN_DIRECT_OBJC_ISA_USAGE = YES_ERROR;
				CLANG_WARN_DOCUMENTATION_COMMENTS = YES;
				CLANG_WARN_EMPTY_BODY = YES;
				CLANG_WARN_ENUM_CONVERSION = YES;
				CLANG_WARN_INFINITE_RECURSION = YES;
				CLANG_WARN_INT_CONVERSION = YES;
				CLANG_WARN_NON_LITERAL_NULL_CONVERSION = YES;
				CLANG_WARN_OBJC_IMPLICIT_RETAIN_SELF = YES;
				CLANG_WARN_OBJC_LITERAL_CONVERSION = YES;
				CLANG_WARN_OBJC_ROOT_CLASS = YES_ERROR;
				CLANG_WARN_QUOTED_INCLUDE_IN_FRAMEWORK_HEADER = YES;
				CLANG_WARN_RANGE_LOOP_ANALYSIS = YES;
				CLANG_WARN_STRICT_PROTOTYPES = YES;
				CLANG_WARN_SUSPICIOUS_MOVE = YES;
				CLANG_WARN_UNGUARDED_AVAILABILITY = YES_AGGRESSIVE;
				CLANG_WARN_UNREACHABLE_CODE = YES;
				CLANG_WARN__DUPLICATE_METHOD_MATCH = YES;
				COPY_PHASE_STRIP = NO;
				DEBUG_INFORMATION_FORMAT = "dwarf-with-dsym";
				ENABLE_NS_ASSERTIONS = NO;
				ENABLE_STRICT_OBJC_MSGSEND = YES;
				GCC_C_LANGUAGE_STANDARD = gnu11;
				GCC_NO_COMMON_BLOCKS = YES;
				GCC_WARN_64_TO_32_BIT_CONVERSION = YES;
				GCC_WARN_ABOUT_RETURN_TYPE = YES_ERROR;
				GCC_WARN_UNDECLARED_SELECTOR = YES;
				GCC_WARN_UNINITIALIZED_AUTOS = YES_AGGRESSIVE;
				GCC_WARN_UNUSED_FUNCTION = YES;
				GCC_WARN_UNUSED_VARIABLE = YES;
				IPHONEOS_DEPLOYMENT_TARGET = 16.4;
				MTL_ENABLE_DEBUG_INFO = NO;
				MTL_FAST_MATH = YES;
				SDKROOT = iphoneos;
				SWIFT_COMPILATION_MODE = wholemodule;
				SWIFT_OPTIMIZATION_LEVEL = "-O";
				VALIDATE_PRODUCT = YES;
			};
			name = Release;
		};
		A1BC9B542AE327EF0040CB80 /* Debug */ = {
			isa = XCBuildConfiguration;
			buildSettings = {
				ASSETCATALOG_COMPILER_APPICON_NAME = AppIcon;
				ASSETCATALOG_COMPILER_GLOBAL_ACCENT_COLOR_NAME = AccentColor;
				CODE_SIGN_STYLE = Automatic;
				CURRENT_PROJECT_VERSION = 1;
				DEVELOPMENT_ASSET_PATHS = "\"TrashFix/Preview Content\"";
				DEVELOPMENT_TEAM = XMS27LAXJQ;
				ENABLE_PREVIEWS = YES;
				GENERATE_INFOPLIST_FILE = YES;
				INFOPLIST_KEY_CFBundleDisplayName = TrashFix;
				INFOPLIST_KEY_UIApplicationSceneManifest_Generation = YES;
				INFOPLIST_KEY_UIApplicationSupportsIndirectInputEvents = YES;
				INFOPLIST_KEY_UILaunchScreen_Generation = YES;
				INFOPLIST_KEY_UISupportedInterfaceOrientations = "UIInterfaceOrientationLandscapeRight UIInterfaceOrientationPortrait";
				INFOPLIST_KEY_UISupportedInterfaceOrientations_iPad = UIInterfaceOrientationPortrait;
				LD_RUNPATH_SEARCH_PATHS = (
					"$(inherited)",
					"@executable_path/Frameworks",
				);
				MARKETING_VERSION = 1.0;
				PRODUCT_BUNDLE_IDENTIFIER = com.Hackathon.TrashFix;
				PRODUCT_NAME = "$(TARGET_NAME)";
				SWIFT_EMIT_LOC_STRINGS = YES;
				SWIFT_VERSION = 5.0;
				TARGETED_DEVICE_FAMILY = "1,2";
			};
			name = Debug;
		};
		A1BC9B552AE327EF0040CB80 /* Release */ = {
			isa = XCBuildConfiguration;
			buildSettings = {
				ASSETCATALOG_COMPILER_APPICON_NAME = AppIcon;
				ASSETCATALOG_COMPILER_GLOBAL_ACCENT_COLOR_NAME = AccentColor;
				CODE_SIGN_STYLE = Automatic;
				CURRENT_PROJECT_VERSION = 1;
				DEVELOPMENT_ASSET_PATHS = "\"TrashFix/Preview Content\"";
				DEVELOPMENT_TEAM = XMS27LAXJQ;
				ENABLE_PREVIEWS = YES;
				GENERATE_INFOPLIST_FILE = YES;
				INFOPLIST_KEY_CFBundleDisplayName = TrashFix;
				INFOPLIST_KEY_UIApplicationSceneManifest_Generation = YES;
				INFOPLIST_KEY_UIApplicationSupportsIndirectInputEvents = YES;
				INFOPLIST_KEY_UILaunchScreen_Generation = YES;
				INFOPLIST_KEY_UISupportedInterfaceOrientations = "UIInterfaceOrientationLandscapeRight UIInterfaceOrientationPortrait";
				INFOPLIST_KEY_UISupportedInterfaceOrientations_iPad = UIInterfaceOrientationPortrait;
				LD_RUNPATH_SEARCH_PATHS = (
					"$(inherited)",
					"@executable_path/Frameworks",
				);
				MARKETING_VERSION = 1.0;
				PRODUCT_BUNDLE_IDENTIFIER = com.Hackathon.TrashFix;
				PRODUCT_NAME = "$(TARGET_NAME)";
				SWIFT_EMIT_LOC_STRINGS = YES;
				SWIFT_VERSION = 5.0;
				TARGETED_DEVICE_FAMILY = "1,2";
			};
			name = Release;
		};
		A1BC9B572AE327EF0040CB80 /* Debug */ = {
			isa = XCBuildConfiguration;
			buildSettings = {
				ALWAYS_EMBED_SWIFT_STANDARD_LIBRARIES = YES;
				BUNDLE_LOADER = "$(TEST_HOST)";
				CODE_SIGN_STYLE = Automatic;
				CURRENT_PROJECT_VERSION = 1;
				DEVELOPMENT_TEAM = XMS27LAXJQ;
				GENERATE_INFOPLIST_FILE = YES;
				IPHONEOS_DEPLOYMENT_TARGET = 16.4;
				MARKETING_VERSION = 1.0;
				PRODUCT_BUNDLE_IDENTIFIER = com.Hackathon.TrashFixTests;
				PRODUCT_NAME = "$(TARGET_NAME)";
				SWIFT_EMIT_LOC_STRINGS = NO;
				SWIFT_VERSION = 5.0;
				TARGETED_DEVICE_FAMILY = "1,2";
				TEST_HOST = "$(BUILT_PRODUCTS_DIR)/TrashFix.app/$(BUNDLE_EXECUTABLE_FOLDER_PATH)/TrashFix";
			};
			name = Debug;
		};
		A1BC9B582AE327EF0040CB80 /* Release */ = {
			isa = XCBuildConfiguration;
			buildSettings = {
				ALWAYS_EMBED_SWIFT_STANDARD_LIBRARIES = YES;
				BUNDLE_LOADER = "$(TEST_HOST)";
				CODE_SIGN_STYLE = Automatic;
				CURRENT_PROJECT_VERSION = 1;
				DEVELOPMENT_TEAM = XMS27LAXJQ;
				GENERATE_INFOPLIST_FILE = YES;
				IPHONEOS_DEPLOYMENT_TARGET = 16.4;
				MARKETING_VERSION = 1.0;
				PRODUCT_BUNDLE_IDENTIFIER = com.Hackathon.TrashFixTests;
				PRODUCT_NAME = "$(TARGET_NAME)";
				SWIFT_EMIT_LOC_STRINGS = NO;
				SWIFT_VERSION = 5.0;
				TARGETED_DEVICE_FAMILY = "1,2";
				TEST_HOST = "$(BUILT_PRODUCTS_DIR)/TrashFix.app/$(BUNDLE_EXECUTABLE_FOLDER_PATH)/TrashFix";
			};
			name = Release;
		};
		A1BC9B5A2AE327EF0040CB80 /* Debug */ = {
			isa = XCBuildConfiguration;
			buildSettings = {
				ALWAYS_EMBED_SWIFT_STANDARD_LIBRARIES = YES;
				CODE_SIGN_STYLE = Automatic;
				CURRENT_PROJECT_VERSION = 1;
				DEVELOPMENT_TEAM = XMS27LAXJQ;
				GENERATE_INFOPLIST_FILE = YES;
				MARKETING_VERSION = 1.0;
				PRODUCT_BUNDLE_IDENTIFIER = com.Hackathon.TrashFixUITests;
				PRODUCT_NAME = "$(TARGET_NAME)";
				SWIFT_EMIT_LOC_STRINGS = NO;
				SWIFT_VERSION = 5.0;
				TARGETED_DEVICE_FAMILY = "1,2";
				TEST_TARGET_NAME = TrashFix;
			};
			name = Debug;
		};
		A1BC9B5B2AE327EF0040CB80 /* Release */ = {
			isa = XCBuildConfiguration;
			buildSettings = {
				ALWAYS_EMBED_SWIFT_STANDARD_LIBRARIES = YES;
				CODE_SIGN_STYLE = Automatic;
				CURRENT_PROJECT_VERSION = 1;
				DEVELOPMENT_TEAM = XMS27LAXJQ;
				GENERATE_INFOPLIST_FILE = YES;
				MARKETING_VERSION = 1.0;
				PRODUCT_BUNDLE_IDENTIFIER = com.Hackathon.TrashFixUITests;
				PRODUCT_NAME = "$(TARGET_NAME)";
				SWIFT_EMIT_LOC_STRINGS = NO;
				SWIFT_VERSION = 5.0;
				TARGETED_DEVICE_FAMILY = "1,2";
				TEST_TARGET_NAME = TrashFix;
			};
			name = Release;
		};
/* End XCBuildConfiguration section */

/* Begin XCConfigurationList section */
		A1BC9B2A2AE327ED0040CB80 /* Build configuration list for PBXProject "TrashFix" */ = {
			isa = XCConfigurationList;
			buildConfigurations = (
				A1BC9B512AE327EF0040CB80 /* Debug */,
				A1BC9B522AE327EF0040CB80 /* Release */,
			);
			defaultConfigurationIsVisible = 0;
			defaultConfigurationName = Release;
		};
		A1BC9B532AE327EF0040CB80 /* Build configuration list for PBXNativeTarget "TrashFix" */ = {
			isa = XCConfigurationList;
			buildConfigurations = (
				A1BC9B542AE327EF0040CB80 /* Debug */,
				A1BC9B552AE327EF0040CB80 /* Release */,
			);
			defaultConfigurationIsVisible = 0;
			defaultConfigurationName = Release;
		};
		A1BC9B562AE327EF0040CB80 /* Build configuration list for PBXNativeTarget "TrashFixTests" */ = {
			isa = XCConfigurationList;
			buildConfigurations = (
				A1BC9B572AE327EF0040CB80 /* Debug */,
				A1BC9B582AE327EF0040CB80 /* Release */,
			);
			defaultConfigurationIsVisible = 0;
			defaultConfigurationName = Release;
		};
		A1BC9B592AE327EF0040CB80 /* Build configuration list for PBXNativeTarget "TrashFixUITests" */ = {
			isa = XCConfigurationList;
			buildConfigurations = (
				A1BC9B5A2AE327EF0040CB80 /* Debug */,
				A1BC9B5B2AE327EF0040CB80 /* Release */,
			);
			defaultConfigurationIsVisible = 0;
			defaultConfigurationName = Release;
		};
/* End XCConfigurationList section */

/* Begin XCRemoteSwiftPackageReference section */
		A1BC9B5C2AE330020040CB80 /* XCRemoteSwiftPackageReference "firebase-ios-sdk" */ = {
			isa = XCRemoteSwiftPackageReference;
			repositoryURL = "https://github.com/firebase/firebase-ios-sdk.git";
			requirement = {
				kind = upToNextMajorVersion;
				minimumVersion = 10.0.0;
			};
		};
/* End XCRemoteSwiftPackageReference section */

/* Begin XCSwiftPackageProductDependency section */
		A1BC9B5D2AE330020040CB80 /* FirebaseAuth */ = {
			isa = XCSwiftPackageProductDependency;
			package = A1BC9B5C2AE330020040CB80 /* XCRemoteSwiftPackageReference "firebase-ios-sdk" */;
			productName = FirebaseAuth;
		};
		A1BC9B5F2AE330020040CB80 /* FirebaseFirestore */ = {
			isa = XCSwiftPackageProductDependency;
			package = A1BC9B5C2AE330020040CB80 /* XCRemoteSwiftPackageReference "firebase-ios-sdk" */;
			productName = FirebaseFirestore;
		};
		A1BC9B612AE330020040CB80 /* FirebaseFirestoreSwift */ = {
			isa = XCSwiftPackageProductDependency;
			package = A1BC9B5C2AE330020040CB80 /* XCRemoteSwiftPackageReference "firebase-ios-sdk" */;
			productName = FirebaseFirestoreSwift;
		};
/* End XCSwiftPackageProductDependency section */
	};
	rootObject = A1BC9B272AE327ED0040CB80 /* Project object */;
}
